
Microsoft Visual Studio Solution File, Format Version 12.00
# Visual Studio Version 17
VisualStudioVersion = 17.4.33213.308
MinimumVisualStudioVersion = 10.0.40219.1
Project("{9A19103F-16F7-4668-BE54-9A1E7A4F7556}") = "MyLittleSlideShow", "MyLittleSlideShow\MyLittleSlideShow.csproj", "{CCBC064E-45C1-4299-BF58-258FF6C5AC01}"
EndProject
Global
	GlobalSection(SolutionConfigurationPlatforms) = preSolution
		Debug|Any CPU = Debug|Any CPU
		Debug|x86 = Debug|x86
		Release|Any CPU = Release|Any CPU
		Release|x86 = Release|x86
		x86|Any CPU = x86|Any CPU
		x86|x86 = x86|x86
	EndGlobalSection
	GlobalSection(ProjectConfigurationPlatforms) = postSolution
		{CCBC064E-45C1-4299-BF58-258FF6C5AC01}.Debug|Any CPU.ActiveCfg = Debug|Any CPU
		{CCBC064E-45C1-4299-BF58-258FF6C5AC01}.Debug|Any CPU.Build.0 = Debug|Any CPU
		{CCBC064E-45C1-4299-BF58-258FF6C5AC01}.Debug|x86.ActiveCfg = Debug|x86
		{CCBC064E-45C1-4299-BF58-258FF6C5AC01}.Debug|x86.Build.0 = Debug|x86
		{CCBC064E-45C1-4299-BF58-258FF6C5AC01}.Release|Any CPU.ActiveCfg = Release|Any CPU
		{CCBC064E-45C1-4299-BF58-258FF6C5AC01}.Release|Any CPU.Build.0 = Release|Any CPU
		{CCBC064E-45C1-4299-BF58-258FF6C5AC01}.Release|x86.ActiveCfg = Release|x86
		{CCBC064E-45C1-4299-BF58-258FF6C5AC01}.Release|x86.Build.0 = Release|x86
		{CCBC064E-45C1-4299-BF58-258FF6C5AC01}.x86|Any CPU.ActiveCfg = x86|Any CPU
		{CCBC064E-45C1-4299-BF58-258FF6C5AC01}.x86|Any CPU.Build.0 = x86|Any CPU
		{CCBC064E-45C1-4299-BF58-258FF6C5AC01}.x86|x86.ActiveCfg = x86|x86
		{CCBC064E-45C1-4299-BF58-258FF6C5AC01}.x86|x86.Build.0 = x86|x86
	EndGlobalSection
	GlobalSection(SolutionProperties) = preSolution
		HideSolutionNode = FALSE
	EndGlobalSection
	GlobalSection(ExtensibilityGlobals) = postSolution
		SolutionGuid = {55FB485E-8407-4E71-A1A0-BE6D518FCF6B}
	EndGlobalSection
EndGlobal
